
Microsoft Visual Studio Solution File, Format Version 12.00
Project("{FAE04EC0-301F-11D3-BF4B-00C04F79EFBC}") = "RevisoesPOO_3935_21210", "RevisoesPOO_3935_21210\RevisoesPOO_3935_21210.csproj", "{B77DED4C-A580-49DD-8BB1-4EED0D155D97}"
EndProject
Global
	GlobalSection(SolutionConfigurationPlatforms) = preSolution
		Debug|Any CPU = Debug|Any CPU
		Release|Any CPU = Release|Any CPU
	EndGlobalSection
	GlobalSection(ProjectConfigurationPlatforms) = postSolution
		{B77DED4C-A580-49DD-8BB1-4EED0D155D97}.Debug|Any CPU.ActiveCfg = Debug|Any CPU
		{B77DED4C-A580-49DD-8BB1-4EED0D155D97}.Debug|Any CPU.Build.0 = Debug|Any CPU
		{B77DED4C-A580-49DD-8BB1-4EED0D155D97}.Release|Any CPU.ActiveCfg = Release|Any CPU
		{B77DED4C-A580-49DD-8BB1-4EED0D155D97}.Release|Any CPU.Build.0 = Release|Any CPU
	EndGlobalSection
EndGlobal
